{
  "name": "hl7.fhir.ee.base",
  "version": "0.9.2",
  "lockfileVersion": 3,
  "requires": true,
  "packages": {
    "": {
      "name": "hl7.fhir.ee.base",
      "version": "0.9.2",
      "license": "MIT",
      "dependencies": {
        "hl7.fhir.ee.base": "^1.0.0",
        "hl7.fhir.uv.extensions": "1.0.0"
      }
    },
    "node_modules/hl7.fhir.ee.base": {
      "version": "1.0.0",
      "resolved": "https://packages.simplifier.net/hl7.fhir.ee.base/1.0.0",
      "integrity": "sha1-F2vmjYCa5wUCGH+MZQgw1mR61pk="
    },
    "node_modules/hl7.fhir.uv.extensions": {
      "version": "1.0.0",
      "resolved": "https://packages.simplifier.net/hl7.fhir.uv.extensions/1.0.0",
      "integrity": "sha1-qID4CzlrU5KCff/Za2OSHnmxY9Y="
    }
  }
}
